{
  "name": "sci-prophet-sampler-editor",
  "version": "0.0.0",
  "lockfileVersion": 3,
  "requires": true,
  "packages": {
    "": {
      "name": "sci-prophet-sampler-editor",
      "version": "0.0.0",
      "license": "GPL-3.0-only",
      "workspaces": [
        "apps/*",
        "packages/*"
      ]
    },
    "apps/desktop": {
      "name": "@sci-prophet/desktop",
      "version": "0.0.0",
      "license": "GPL-3.0-only"
    },
    "apps/web": {
      "name": "@sci-prophet/web",
      "version": "0.0.0",
      "license": "GPL-3.0-only"
    },
    "node_modules/@sci-prophet/core": {
      "resolved": "packages/core",
      "link": true
    },
    "node_modules/@sci-prophet/desktop": {
      "resolved": "apps/desktop",
      "link": true
    },
    "node_modules/@sci-prophet/web": {
      "resolved": "apps/web",
      "link": true
    },
    "packages/core": {
      "name": "@sci-prophet/core",
      "version": "0.0.0",
      "license": "GPL-3.0-only"
    }
  }
}
